
Microsoft Visual Studio Solution File, Format Version 12.00
# Visual Studio Version 17
VisualStudioVersion = 17.14.36908.2 d17.14
MinimumVisualStudioVersion = 10.0.40219.1
Project("{FAE04EC0-301F-11D3-BF4B-00C04F79EFBC}") = "ShowWinCursorLocation", "ShowWinCursorLocation\ShowWinCursorLocation.csproj", "{48325521-9062-4D0E-8BD8-9CE916FA94C1}"
EndProject
Global
	GlobalSection(SolutionConfigurationPlatforms) = preSolution
		Debug|Any CPU = Debug|Any CPU
		Release|Any CPU = Release|Any CPU
	EndGlobalSection
	GlobalSection(ProjectConfigurationPlatforms) = postSolution
		{48325521-9062-4D0E-8BD8-9CE916FA94C1}.Debug|Any CPU.ActiveCfg = Debug|Any CPU
		{48325521-9062-4D0E-8BD8-9CE916FA94C1}.Debug|Any CPU.Build.0 = Debug|Any CPU
		{48325521-9062-4D0E-8BD8-9CE916FA94C1}.Release|Any CPU.ActiveCfg = Release|Any CPU
		{48325521-9062-4D0E-8BD8-9CE916FA94C1}.Release|Any CPU.Build.0 = Release|Any CPU
	EndGlobalSection
	GlobalSection(SolutionProperties) = preSolution
		HideSolutionNode = FALSE
	EndGlobalSection
	GlobalSection(ExtensibilityGlobals) = postSolution
		SolutionGuid = {BB3C923D-F369-4479-8FE0-F77DCC1B0594}
	EndGlobalSection
EndGlobal
